
Microsoft Visual Studio Solution File, Format Version 12.00
# Visual Studio 15
VisualStudioVersion = 15.0.27703.2042
MinimumVisualStudioVersion = 10.0.40219.1
Project("{FAE04EC0-301F-11D3-BF4B-00C04F79EFBC}") = "ListWidget", "ListWidget\ListWidget.csproj", "{FED1C6E8-2334-44A7-91CD-54070DBD2D24}"
EndProject
Global
	GlobalSection(SolutionConfigurationPlatforms) = preSolution
		Debug|Any CPU = Debug|Any CPU
		Release|Any CPU = Release|Any CPU
	EndGlobalSection
	GlobalSection(ProjectConfigurationPlatforms) = postSolution
		{FED1C6E8-2334-44A7-91CD-54070DBD2D24}.Debug|Any CPU.ActiveCfg = Debug|Any CPU
		{FED1C6E8-2334-44A7-91CD-54070DBD2D24}.Debug|Any CPU.Build.0 = Debug|Any CPU
		{FED1C6E8-2334-44A7-91CD-54070DBD2D24}.Release|Any CPU.ActiveCfg = Release|Any CPU
		{FED1C6E8-2334-44A7-91CD-54070DBD2D24}.Release|Any CPU.Build.0 = Release|Any CPU
	EndGlobalSection
	GlobalSection(SolutionProperties) = preSolution
		HideSolutionNode = FALSE
	EndGlobalSection
	GlobalSection(ExtensibilityGlobals) = postSolution
		SolutionGuid = {00E3741D-24DC-4C2E-AF88-45BD6F3C079B}
	EndGlobalSection
EndGlobal
