
Microsoft Visual Studio Solution File, Format Version 12.00
# Visual Studio 2012
Project("{FAE04EC0-301F-11D3-BF4B-00C04F79EFBC}") = "KendoBooksWidget", "KendoBooksWidget\KendoBooksWidget.csproj", "{5759F5CE-3E54-4D80-A4EC-24189DFF1041}"
EndProject
Global
	GlobalSection(SolutionConfigurationPlatforms) = preSolution
		Debug|Any CPU = Debug|Any CPU
		Release|Any CPU = Release|Any CPU
	EndGlobalSection
	GlobalSection(ProjectConfigurationPlatforms) = postSolution
		{5759F5CE-3E54-4D80-A4EC-24189DFF1041}.Debug|Any CPU.ActiveCfg = Debug|Any CPU
		{5759F5CE-3E54-4D80-A4EC-24189DFF1041}.Debug|Any CPU.Build.0 = Debug|Any CPU
		{5759F5CE-3E54-4D80-A4EC-24189DFF1041}.Release|Any CPU.ActiveCfg = Release|Any CPU
		{5759F5CE-3E54-4D80-A4EC-24189DFF1041}.Release|Any CPU.Build.0 = Release|Any CPU
	EndGlobalSection
	GlobalSection(SolutionProperties) = preSolution
		HideSolutionNode = FALSE
	EndGlobalSection
EndGlobal
